
Microsoft Visual Studio Solution File, Format Version 12.00
# Visual Studio 14
VisualStudioVersion = 14.0.24720.0
MinimumVisualStudioVersion = 10.0.40219.1
Project("{2150E333-8FDC-42A3-9474-1A3956D46DE8}") = "src", "src", "{93E747A2-ECD0-4B63-ABF3-425D019499AC}"
EndProject
Project("{2150E333-8FDC-42A3-9474-1A3956D46DE8}") = "Solution Items", "Solution Items", "{A0189A4B-C458-4861-8A47-77DAF6B6379E}"
	ProjectSection(SolutionItems) = preProject
		global.json = global.json
	EndProjectSection
EndProject
Project("{8BB2217D-0F2D-49D1-97BC-3654ED321F3B}") = "hellovNext", "src\hellovNext\hellovNext.xproj", "{D9DA7818-8322-488F-9FD4-E2DF0B5CE776}"
EndProject
Project("{2150E333-8FDC-42A3-9474-1A3956D46DE8}") = "PublishScripts", "PublishScripts", "{C95560AD-98B1-4124-BB01-2CB99FDE0EDA}"
EndProject
Project("{2150E333-8FDC-42A3-9474-1A3956D46DE8}") = "Scripts", "Scripts", "{C7B2C851-248A-4A32-8E2D-CFC13F0F7931}"
	ProjectSection(SolutionItems) = preProject
		PublishScripts\Scripts\Deploy-DockerAzureResourceGroup-2.ps1 = PublishScripts\Scripts\Deploy-DockerAzureResourceGroup-2.ps1
		PublishScripts\Scripts\Deploy-DockerAzureResourceGroup-3.ps1 = PublishScripts\Scripts\Deploy-DockerAzureResourceGroup-3.ps1
		PublishScripts\Scripts\Deploy-DockerAzureResourceGroup.ps1 = PublishScripts\Scripts\Deploy-DockerAzureResourceGroup.ps1
	EndProjectSection
EndProject
Project("{2150E333-8FDC-42A3-9474-1A3956D46DE8}") = "Templates", "Templates", "{4AC502B8-1070-4E98-8364-E7390372331F}"
	ProjectSection(SolutionItems) = preProject
		PublishScripts\Templates\hellovNextDockerVM-2.json = PublishScripts\Templates\hellovNextDockerVM-2.json
		PublishScripts\Templates\hellovNextDockerVM-3.json = PublishScripts\Templates\hellovNextDockerVM-3.json
		PublishScripts\Templates\hellovNextDockerVM.json = PublishScripts\Templates\hellovNextDockerVM.json
		PublishScripts\Templates\hellovNextDockerVM.param.dev-2.json = PublishScripts\Templates\hellovNextDockerVM.param.dev-2.json
		PublishScripts\Templates\hellovNextDockerVM.param.dev-3.json = PublishScripts\Templates\hellovNextDockerVM.param.dev-3.json
		PublishScripts\Templates\hellovNextDockerVM.param.dev.json = PublishScripts\Templates\hellovNextDockerVM.param.dev.json
	EndProjectSection
EndProject
Project("{8BB2217D-0F2D-49D1-97BC-3654ED321F3B}") = "Apl.Client.Contracts", "src\Apl.Client.Contracts\Apl.Client.Contracts.xproj", "{C652802E-4B8C-471D-B91B-60118788F4E6}"
EndProject
Project("{8BB2217D-0F2D-49D1-97BC-3654ED321F3B}") = "Apl.Entity", "src\Apl.Entity\Apl.Entity.xproj", "{7D38D7F3-94C4-48B6-8D11-1575A02A3E32}"
EndProject
Project("{8BB2217D-0F2D-49D1-97BC-3654ED321F3B}") = "Apl.Client.Postgres", "src\Apl.Client.Postgres\Apl.Client.Postgres.xproj", "{F97FD13C-B2AA-4F0B-AC8B-14D12A46EA8A}"
EndProject
Global
	GlobalSection(SolutionConfigurationPlatforms) = preSolution
		Debug|Any CPU = Debug|Any CPU
		Release|Any CPU = Release|Any CPU
	EndGlobalSection
	GlobalSection(ProjectConfigurationPlatforms) = postSolution
		{D9DA7818-8322-488F-9FD4-E2DF0B5CE776}.Debug|Any CPU.ActiveCfg = Debug|Any CPU
		{D9DA7818-8322-488F-9FD4-E2DF0B5CE776}.Debug|Any CPU.Build.0 = Debug|Any CPU
		{D9DA7818-8322-488F-9FD4-E2DF0B5CE776}.Release|Any CPU.ActiveCfg = Release|Any CPU
		{D9DA7818-8322-488F-9FD4-E2DF0B5CE776}.Release|Any CPU.Build.0 = Release|Any CPU
		{C652802E-4B8C-471D-B91B-60118788F4E6}.Debug|Any CPU.ActiveCfg = Debug|Any CPU
		{C652802E-4B8C-471D-B91B-60118788F4E6}.Debug|Any CPU.Build.0 = Debug|Any CPU
		{C652802E-4B8C-471D-B91B-60118788F4E6}.Release|Any CPU.ActiveCfg = Release|Any CPU
		{C652802E-4B8C-471D-B91B-60118788F4E6}.Release|Any CPU.Build.0 = Release|Any CPU
		{7D38D7F3-94C4-48B6-8D11-1575A02A3E32}.Debug|Any CPU.ActiveCfg = Debug|Any CPU
		{7D38D7F3-94C4-48B6-8D11-1575A02A3E32}.Debug|Any CPU.Build.0 = Debug|Any CPU
		{7D38D7F3-94C4-48B6-8D11-1575A02A3E32}.Release|Any CPU.ActiveCfg = Release|Any CPU
		{7D38D7F3-94C4-48B6-8D11-1575A02A3E32}.Release|Any CPU.Build.0 = Release|Any CPU
		{F97FD13C-B2AA-4F0B-AC8B-14D12A46EA8A}.Debug|Any CPU.ActiveCfg = Debug|Any CPU
		{F97FD13C-B2AA-4F0B-AC8B-14D12A46EA8A}.Debug|Any CPU.Build.0 = Debug|Any CPU
		{F97FD13C-B2AA-4F0B-AC8B-14D12A46EA8A}.Release|Any CPU.ActiveCfg = Release|Any CPU
		{F97FD13C-B2AA-4F0B-AC8B-14D12A46EA8A}.Release|Any CPU.Build.0 = Release|Any CPU
	EndGlobalSection
	GlobalSection(SolutionProperties) = preSolution
		HideSolutionNode = FALSE
	EndGlobalSection
	GlobalSection(NestedProjects) = preSolution
		{D9DA7818-8322-488F-9FD4-E2DF0B5CE776} = {93E747A2-ECD0-4B63-ABF3-425D019499AC}
		{C7B2C851-248A-4A32-8E2D-CFC13F0F7931} = {C95560AD-98B1-4124-BB01-2CB99FDE0EDA}
		{4AC502B8-1070-4E98-8364-E7390372331F} = {C95560AD-98B1-4124-BB01-2CB99FDE0EDA}
		{C652802E-4B8C-471D-B91B-60118788F4E6} = {93E747A2-ECD0-4B63-ABF3-425D019499AC}
		{7D38D7F3-94C4-48B6-8D11-1575A02A3E32} = {93E747A2-ECD0-4B63-ABF3-425D019499AC}
		{F97FD13C-B2AA-4F0B-AC8B-14D12A46EA8A} = {93E747A2-ECD0-4B63-ABF3-425D019499AC}
	EndGlobalSection
EndGlobal
